
Microsoft Visual Studio Solution File, Format Version 12.00
# Visual Studio Version 16
VisualStudioVersion = 16.0.30114.105
MinimumVisualStudioVersion = 10.0.40219.1
Project("{FAE04EC0-301F-11D3-BF4B-00C04F79EFBC}") = "Utils", "Utils\Utils.csproj", "{B6BD1DB9-F1FF-4146-9C6F-AB13A21660E0}"
EndProject
Project("{2150E333-8FDC-42A3-9474-1A3956D46DE8}") = "TCP", "TCP", "{BB2BF708-37CE-4D3E-B76C-0A3A97574497}"
EndProject
Project("{FAE04EC0-301F-11D3-BF4B-00C04F79EFBC}") = "TCP.Task2.ConsoleClient", "TCP\TCP.Task2.ConsoleClient\TCP.Task2.ConsoleClient.csproj", "{44EAC280-C5FC-4801-8B52-C9D183FBD90A}"
EndProject
Project("{FAE04EC0-301F-11D3-BF4B-00C04F79EFBC}") = "TCP.Task2.ConsoleListener", "TCP\TCP.Task2.ConsoleListener\TCP.Task2.ConsoleListener.csproj", "{8317259B-9268-4DDF-AFEC-49F0415402B3}"
EndProject
Project("{FAE04EC0-301F-11D3-BF4B-00C04F79EFBC}") = "TCP.Utils", "TCP\TCP.Utils\TCP.Utils.csproj", "{689FB492-D417-4E1F-AFFF-BB6E4340E190}"
EndProject
Global
	GlobalSection(SolutionConfigurationPlatforms) = preSolution
		Debug|Any CPU = Debug|Any CPU
		Release|Any CPU = Release|Any CPU
	EndGlobalSection
	GlobalSection(SolutionProperties) = preSolution
		HideSolutionNode = FALSE
	EndGlobalSection
	GlobalSection(ProjectConfigurationPlatforms) = postSolution
		{B6BD1DB9-F1FF-4146-9C6F-AB13A21660E0}.Debug|Any CPU.ActiveCfg = Debug|Any CPU
		{B6BD1DB9-F1FF-4146-9C6F-AB13A21660E0}.Debug|Any CPU.Build.0 = Debug|Any CPU
		{B6BD1DB9-F1FF-4146-9C6F-AB13A21660E0}.Release|Any CPU.ActiveCfg = Release|Any CPU
		{B6BD1DB9-F1FF-4146-9C6F-AB13A21660E0}.Release|Any CPU.Build.0 = Release|Any CPU
		{44EAC280-C5FC-4801-8B52-C9D183FBD90A}.Debug|Any CPU.ActiveCfg = Debug|Any CPU
		{44EAC280-C5FC-4801-8B52-C9D183FBD90A}.Debug|Any CPU.Build.0 = Debug|Any CPU
		{44EAC280-C5FC-4801-8B52-C9D183FBD90A}.Release|Any CPU.ActiveCfg = Release|Any CPU
		{44EAC280-C5FC-4801-8B52-C9D183FBD90A}.Release|Any CPU.Build.0 = Release|Any CPU
		{8317259B-9268-4DDF-AFEC-49F0415402B3}.Debug|Any CPU.ActiveCfg = Debug|Any CPU
		{8317259B-9268-4DDF-AFEC-49F0415402B3}.Debug|Any CPU.Build.0 = Debug|Any CPU
		{8317259B-9268-4DDF-AFEC-49F0415402B3}.Release|Any CPU.ActiveCfg = Release|Any CPU
		{8317259B-9268-4DDF-AFEC-49F0415402B3}.Release|Any CPU.Build.0 = Release|Any CPU
		{689FB492-D417-4E1F-AFFF-BB6E4340E190}.Debug|Any CPU.ActiveCfg = Debug|Any CPU
		{689FB492-D417-4E1F-AFFF-BB6E4340E190}.Debug|Any CPU.Build.0 = Debug|Any CPU
		{689FB492-D417-4E1F-AFFF-BB6E4340E190}.Release|Any CPU.ActiveCfg = Release|Any CPU
		{689FB492-D417-4E1F-AFFF-BB6E4340E190}.Release|Any CPU.Build.0 = Release|Any CPU
	EndGlobalSection
	GlobalSection(NestedProjects) = preSolution
		{44EAC280-C5FC-4801-8B52-C9D183FBD90A} = {BB2BF708-37CE-4D3E-B76C-0A3A97574497}
		{8317259B-9268-4DDF-AFEC-49F0415402B3} = {BB2BF708-37CE-4D3E-B76C-0A3A97574497}
		{689FB492-D417-4E1F-AFFF-BB6E4340E190} = {BB2BF708-37CE-4D3E-B76C-0A3A97574497}
	EndGlobalSection
EndGlobal
