
Microsoft Visual Studio Solution File, Format Version 12.00
# Visual Studio Version 16
VisualStudioVersion = 16.0.30114.105
MinimumVisualStudioVersion = 10.0.40219.1
Project("{FAE04EC0-301F-11D3-BF4B-00C04F79EFBC}") = "Philosophers", "Philosophers\Philosophers.csproj", "{112209AE-E670-4CB8-874C-B39FABF22EC3}"
EndProject
Project("{FAE04EC0-301F-11D3-BF4B-00C04F79EFBC}") = "PiCalculationOptimized", "PiCalculationOptimized\PiCalculationOptimized.csproj", "{D0BF8748-3284-4A2D-BCCD-E3FA01236863}"
EndProject
Project("{FAE04EC0-301F-11D3-BF4B-00C04F79EFBC}") = "ThreadSafeQueue", "ThreadSafeQueue\ThreadSafeQueue.csproj", "{9E56F988-A221-438C-8CD3-F535532393FF}"
EndProject
Project("{FAE04EC0-301F-11D3-BF4B-00C04F79EFBC}") = "Utils", "Utils\Utils.csproj", "{B6BD1DB9-F1FF-4146-9C6F-AB13A21660E0}"
EndProject
Project("{FAE04EC0-301F-11D3-BF4B-00C04F79EFBC}") = "SyncListAccess", "SyncListAccess\SyncListAccess.csproj", "{EC477BAE-CF42-4BCA-B6B4-03049BB408BE}"
EndProject
Project("{2150E333-8FDC-42A3-9474-1A3956D46DE8}") = "Tests", "Tests", "{011C4DCF-F752-478E-8769-B321C0C672BA}"
EndProject
Project("{FAE04EC0-301F-11D3-BF4B-00C04F79EFBC}") = "SyncList.Tests", "Tests\SyncList.Tests\SyncList.Tests.csproj", "{2557378B-0588-4665-823A-3E5A27C8D25D}"
EndProject
Project("{FAE04EC0-301F-11D3-BF4B-00C04F79EFBC}") = "Utils.Tests", "Tests\Utils.Tests\Utils.Tests.csproj", "{3B38E8CA-506E-424F-9E24-996B74BC5B17}"
EndProject
Project("{FAE04EC0-301F-11D3-BF4B-00C04F79EFBC}") = "UDPCopiesCount", "UDPCopiesCount\UDPCopiesCount.csproj", "{C7D4ECA0-FB2F-4600-B166-6AF0531BB82C}"
EndProject
Global
	GlobalSection(SolutionConfigurationPlatforms) = preSolution
		Debug|Any CPU = Debug|Any CPU
		Release|Any CPU = Release|Any CPU
	EndGlobalSection
	GlobalSection(SolutionProperties) = preSolution
		HideSolutionNode = FALSE
	EndGlobalSection
	GlobalSection(ProjectConfigurationPlatforms) = postSolution
		{112209AE-E670-4CB8-874C-B39FABF22EC3}.Debug|Any CPU.ActiveCfg = Debug|Any CPU
		{112209AE-E670-4CB8-874C-B39FABF22EC3}.Debug|Any CPU.Build.0 = Debug|Any CPU
		{112209AE-E670-4CB8-874C-B39FABF22EC3}.Release|Any CPU.ActiveCfg = Release|Any CPU
		{112209AE-E670-4CB8-874C-B39FABF22EC3}.Release|Any CPU.Build.0 = Release|Any CPU
		{D0BF8748-3284-4A2D-BCCD-E3FA01236863}.Debug|Any CPU.ActiveCfg = Debug|Any CPU
		{D0BF8748-3284-4A2D-BCCD-E3FA01236863}.Debug|Any CPU.Build.0 = Debug|Any CPU
		{D0BF8748-3284-4A2D-BCCD-E3FA01236863}.Release|Any CPU.ActiveCfg = Release|Any CPU
		{D0BF8748-3284-4A2D-BCCD-E3FA01236863}.Release|Any CPU.Build.0 = Release|Any CPU
		{9E56F988-A221-438C-8CD3-F535532393FF}.Debug|Any CPU.ActiveCfg = Debug|Any CPU
		{9E56F988-A221-438C-8CD3-F535532393FF}.Debug|Any CPU.Build.0 = Debug|Any CPU
		{9E56F988-A221-438C-8CD3-F535532393FF}.Release|Any CPU.ActiveCfg = Release|Any CPU
		{9E56F988-A221-438C-8CD3-F535532393FF}.Release|Any CPU.Build.0 = Release|Any CPU
		{B6BD1DB9-F1FF-4146-9C6F-AB13A21660E0}.Debug|Any CPU.ActiveCfg = Debug|Any CPU
		{B6BD1DB9-F1FF-4146-9C6F-AB13A21660E0}.Debug|Any CPU.Build.0 = Debug|Any CPU
		{B6BD1DB9-F1FF-4146-9C6F-AB13A21660E0}.Release|Any CPU.ActiveCfg = Release|Any CPU
		{B6BD1DB9-F1FF-4146-9C6F-AB13A21660E0}.Release|Any CPU.Build.0 = Release|Any CPU
		{EC477BAE-CF42-4BCA-B6B4-03049BB408BE}.Debug|Any CPU.ActiveCfg = Debug|Any CPU
		{EC477BAE-CF42-4BCA-B6B4-03049BB408BE}.Debug|Any CPU.Build.0 = Debug|Any CPU
		{EC477BAE-CF42-4BCA-B6B4-03049BB408BE}.Release|Any CPU.ActiveCfg = Release|Any CPU
		{EC477BAE-CF42-4BCA-B6B4-03049BB408BE}.Release|Any CPU.Build.0 = Release|Any CPU
		{2557378B-0588-4665-823A-3E5A27C8D25D}.Debug|Any CPU.ActiveCfg = Debug|Any CPU
		{2557378B-0588-4665-823A-3E5A27C8D25D}.Debug|Any CPU.Build.0 = Debug|Any CPU
		{2557378B-0588-4665-823A-3E5A27C8D25D}.Release|Any CPU.ActiveCfg = Release|Any CPU
		{2557378B-0588-4665-823A-3E5A27C8D25D}.Release|Any CPU.Build.0 = Release|Any CPU
		{3B38E8CA-506E-424F-9E24-996B74BC5B17}.Debug|Any CPU.ActiveCfg = Debug|Any CPU
		{3B38E8CA-506E-424F-9E24-996B74BC5B17}.Debug|Any CPU.Build.0 = Debug|Any CPU
		{3B38E8CA-506E-424F-9E24-996B74BC5B17}.Release|Any CPU.ActiveCfg = Release|Any CPU
		{3B38E8CA-506E-424F-9E24-996B74BC5B17}.Release|Any CPU.Build.0 = Release|Any CPU
		{C7D4ECA0-FB2F-4600-B166-6AF0531BB82C}.Debug|Any CPU.ActiveCfg = Debug|Any CPU
		{C7D4ECA0-FB2F-4600-B166-6AF0531BB82C}.Debug|Any CPU.Build.0 = Debug|Any CPU
		{C7D4ECA0-FB2F-4600-B166-6AF0531BB82C}.Release|Any CPU.ActiveCfg = Release|Any CPU
		{C7D4ECA0-FB2F-4600-B166-6AF0531BB82C}.Release|Any CPU.Build.0 = Release|Any CPU
	EndGlobalSection
	GlobalSection(NestedProjects) = preSolution
		{2557378B-0588-4665-823A-3E5A27C8D25D} = {011C4DCF-F752-478E-8769-B321C0C672BA}
		{3B38E8CA-506E-424F-9E24-996B74BC5B17} = {011C4DCF-F752-478E-8769-B321C0C672BA}
	EndGlobalSection
EndGlobal
